
Microsoft Visual Studio Solution File, Format Version 12.00
# Visual Studio 15
VisualStudioVersion = 15.0.27130.2036
MinimumVisualStudioVersion = 10.0.40219.1
Project("{FAE04EC0-301F-11D3-BF4B-00C04F79EFBC}") = "LoginJournal.ClientService", "LoginJournal.ClientService\LoginJournal.ClientService.csproj", "{3C71F562-082A-43BF-B1EA-D440FF264819}"
EndProject
Project("{FAE04EC0-301F-11D3-BF4B-00C04F79EFBC}") = "ConsoleTest", "ConsoleTest\ConsoleTest.csproj", "{0A3CD212-8328-4CED-BFF7-57E74D414E21}"
EndProject
Project("{FAE04EC0-301F-11D3-BF4B-00C04F79EFBC}") = "Journal", "Journal\Journal.csproj", "{E255599B-FB7E-4468-AA9D-99E655535591}"
EndProject
Project("{FAE04EC0-301F-11D3-BF4B-00C04F79EFBC}") = "JournalViewer", "JournalViewer\JournalViewer.csproj", "{1C5A9566-6045-4E49-9967-4D4F599899D1}"
EndProject
Project("{54435603-DBB4-11D2-8724-00A0C9A8B90C}") = "ClientJournalInstall", "ClientJournalInstall\ClientJournalInstall.vdproj", "{86A8352B-BBA0-403D-9413-3FA79E6968AC}"
EndProject
Project("{FAE04EC0-301F-11D3-BF4B-00C04F79EFBC}") = "PurposeChooser", "PurposeChooser\PurposeChooser.csproj", "{614C8E44-C682-4C48-9B23-C3D887B225DF}"
EndProject
Global
	GlobalSection(SolutionConfigurationPlatforms) = preSolution
		Debug|Any CPU = Debug|Any CPU
		Release|Any CPU = Release|Any CPU
	EndGlobalSection
	GlobalSection(ProjectConfigurationPlatforms) = postSolution
		{3C71F562-082A-43BF-B1EA-D440FF264819}.Debug|Any CPU.ActiveCfg = Debug|Any CPU
		{3C71F562-082A-43BF-B1EA-D440FF264819}.Debug|Any CPU.Build.0 = Debug|Any CPU
		{3C71F562-082A-43BF-B1EA-D440FF264819}.Release|Any CPU.ActiveCfg = Release|Any CPU
		{3C71F562-082A-43BF-B1EA-D440FF264819}.Release|Any CPU.Build.0 = Release|Any CPU
		{0A3CD212-8328-4CED-BFF7-57E74D414E21}.Debug|Any CPU.ActiveCfg = Debug|Any CPU
		{0A3CD212-8328-4CED-BFF7-57E74D414E21}.Debug|Any CPU.Build.0 = Debug|Any CPU
		{0A3CD212-8328-4CED-BFF7-57E74D414E21}.Release|Any CPU.ActiveCfg = Release|Any CPU
		{0A3CD212-8328-4CED-BFF7-57E74D414E21}.Release|Any CPU.Build.0 = Release|Any CPU
		{E255599B-FB7E-4468-AA9D-99E655535591}.Debug|Any CPU.ActiveCfg = Debug|Any CPU
		{E255599B-FB7E-4468-AA9D-99E655535591}.Debug|Any CPU.Build.0 = Debug|Any CPU
		{E255599B-FB7E-4468-AA9D-99E655535591}.Release|Any CPU.ActiveCfg = Release|Any CPU
		{E255599B-FB7E-4468-AA9D-99E655535591}.Release|Any CPU.Build.0 = Release|Any CPU
		{1C5A9566-6045-4E49-9967-4D4F599899D1}.Debug|Any CPU.ActiveCfg = Debug|Any CPU
		{1C5A9566-6045-4E49-9967-4D4F599899D1}.Debug|Any CPU.Build.0 = Debug|Any CPU
		{1C5A9566-6045-4E49-9967-4D4F599899D1}.Release|Any CPU.ActiveCfg = Release|Any CPU
		{1C5A9566-6045-4E49-9967-4D4F599899D1}.Release|Any CPU.Build.0 = Release|Any CPU
		{86A8352B-BBA0-403D-9413-3FA79E6968AC}.Debug|Any CPU.ActiveCfg = Debug
		{86A8352B-BBA0-403D-9413-3FA79E6968AC}.Release|Any CPU.ActiveCfg = Release
		{614C8E44-C682-4C48-9B23-C3D887B225DF}.Debug|Any CPU.ActiveCfg = Debug|Any CPU
		{614C8E44-C682-4C48-9B23-C3D887B225DF}.Debug|Any CPU.Build.0 = Debug|Any CPU
		{614C8E44-C682-4C48-9B23-C3D887B225DF}.Release|Any CPU.ActiveCfg = Release|Any CPU
		{614C8E44-C682-4C48-9B23-C3D887B225DF}.Release|Any CPU.Build.0 = Release|Any CPU
	EndGlobalSection
	GlobalSection(SolutionProperties) = preSolution
		HideSolutionNode = FALSE
	EndGlobalSection
	GlobalSection(ExtensibilityGlobals) = postSolution
		SolutionGuid = {A19CF360-EDC7-4444-A3B9-D7B677D47A01}
	EndGlobalSection
EndGlobal
